
Microsoft Visual Studio Solution File, Format Version 12.00
# Visual Studio Version 16
VisualStudioVersion = 16.0.29424.173
MinimumVisualStudioVersion = 10.0.40219.1
Project("{FAE04EC0-301F-11D3-BF4B-00C04F79EFBC}") = "DSN.Identity", "DSN.Identity\DSN.Identity.csproj", "{20C23CE6-6EA9-43A2-A268-D01651736734}"
EndProject
Project("{2150E333-8FDC-42A3-9474-1A3956D46DE8}") = "DNS-Identity", "DNS-Identity", "{88C48118-BEFC-4804-87CF-0317218B9D7C}"
EndProject
Project("{2150E333-8FDC-42A3-9474-1A3956D46DE8}") = "src", "src", "{2F5F1409-CD21-44AB-89C7-48E807F358B0}"
EndProject
Project("{2150E333-8FDC-42A3-9474-1A3956D46DE8}") = "tests", "tests", "{D89B4C16-4ED7-4962-9AEB-1B11301C1D7F}"
EndProject
Global
	GlobalSection(SolutionConfigurationPlatforms) = preSolution
		Debug|Any CPU = Debug|Any CPU
		Release|Any CPU = Release|Any CPU
	EndGlobalSection
	GlobalSection(ProjectConfigurationPlatforms) = postSolution
		{20C23CE6-6EA9-43A2-A268-D01651736734}.Debug|Any CPU.ActiveCfg = Debug|Any CPU
		{20C23CE6-6EA9-43A2-A268-D01651736734}.Debug|Any CPU.Build.0 = Debug|Any CPU
		{20C23CE6-6EA9-43A2-A268-D01651736734}.Release|Any CPU.ActiveCfg = Release|Any CPU
		{20C23CE6-6EA9-43A2-A268-D01651736734}.Release|Any CPU.Build.0 = Release|Any CPU
	EndGlobalSection
	GlobalSection(SolutionProperties) = preSolution
		HideSolutionNode = FALSE
	EndGlobalSection
	GlobalSection(NestedProjects) = preSolution
		{20C23CE6-6EA9-43A2-A268-D01651736734} = {2F5F1409-CD21-44AB-89C7-48E807F358B0}
		{2F5F1409-CD21-44AB-89C7-48E807F358B0} = {88C48118-BEFC-4804-87CF-0317218B9D7C}
		{D89B4C16-4ED7-4962-9AEB-1B11301C1D7F} = {88C48118-BEFC-4804-87CF-0317218B9D7C}
	EndGlobalSection
	GlobalSection(ExtensibilityGlobals) = postSolution
		SolutionGuid = {21F79F7C-4C0E-4364-9ECB-5158D73893A0}
	EndGlobalSection
EndGlobal
